
Microsoft Visual Studio Solution File, Format Version 12.00
# Visual Studio Version 17
VisualStudioVersion = 17.11.35312.102
MinimumVisualStudioVersion = 10.0.40219.1
Project("{FAE04EC0-301F-11D3-BF4B-00C04F79EFBC}") = "albumwebapi", "albumwebapi\albumwebapi.csproj", "{51BFC739-4D6F-422A-A36A-B4781A696E34}"
EndProject
Global
	GlobalSection(SolutionConfigurationPlatforms) = preSolution
		Debug|Any CPU = Debug|Any CPU
		Release|Any CPU = Release|Any CPU
	EndGlobalSection
	GlobalSection(ProjectConfigurationPlatforms) = postSolution
		{51BFC739-4D6F-422A-A36A-B4781A696E34}.Debug|Any CPU.ActiveCfg = Debug|Any CPU
		{51BFC739-4D6F-422A-A36A-B4781A696E34}.Debug|Any CPU.Build.0 = Debug|Any CPU
		{51BFC739-4D6F-422A-A36A-B4781A696E34}.Release|Any CPU.ActiveCfg = Release|Any CPU
		{51BFC739-4D6F-422A-A36A-B4781A696E34}.Release|Any CPU.Build.0 = Release|Any CPU
	EndGlobalSection
	GlobalSection(SolutionProperties) = preSolution
		HideSolutionNode = FALSE
	EndGlobalSection
	GlobalSection(ExtensibilityGlobals) = postSolution
		SolutionGuid = {B80EC7DE-5DB1-42D3-9D86-205E5D1348E3}
	EndGlobalSection
EndGlobal
